
Microsoft Visual Studio Solution File, Format Version 12.00
# Visual Studio Version 17
VisualStudioVersion = 17.6.33829.357
MinimumVisualStudioVersion = 10.0.40219.1
Project("{FAE04EC0-301F-11D3-BF4B-00C04F79EFBC}") = "Project1", "Project1.csproj", "{8C48EB8E-B098-4164-BC77-1DDAA904926A}"
EndProject
Global
	GlobalSection(SolutionConfigurationPlatforms) = preSolution
		Debug|Any CPU = Debug|Any CPU
		Release|Any CPU = Release|Any CPU
	EndGlobalSection
	GlobalSection(ProjectConfigurationPlatforms) = postSolution
		{8C48EB8E-B098-4164-BC77-1DDAA904926A}.Debug|Any CPU.ActiveCfg = Debug|Any CPU
		{8C48EB8E-B098-4164-BC77-1DDAA904926A}.Debug|Any CPU.Build.0 = Debug|Any CPU
		{8C48EB8E-B098-4164-BC77-1DDAA904926A}.Release|Any CPU.ActiveCfg = Release|Any CPU
		{8C48EB8E-B098-4164-BC77-1DDAA904926A}.Release|Any CPU.Build.0 = Release|Any CPU
	EndGlobalSection
	GlobalSection(SolutionProperties) = preSolution
		HideSolutionNode = FALSE
	EndGlobalSection
	GlobalSection(ExtensibilityGlobals) = postSolution
		SolutionGuid = {4ACB3F3F-5FA6-4DCC-A2C1-B9CA335AAA28}
	EndGlobalSection
EndGlobal
